// !$*UTF8*$!
{
	archiveVersion = 1;
	classes = {
	};
	objectVersion = 46;
	objects = {

/* Begin PBXBuildFile section */
		CEE1AD421EAE566200201C76 /* AppDelegate.swift in Sources */ = {isa = PBXBuildFile; fileRef = CEE1AD411EAE566200201C76 /* AppDelegate.swift */; };
		CEE1AD441EAE566200201C76 /* ViewController.swift in Sources */ = {isa = PBXBuildFile; fileRef = CEE1AD431EAE566200201C76 /* ViewController.swift */; };
		CEE1AD471EAE566200201C76 /* Main.storyboard in Resources */ = {isa = PBXBuildFile; fileRef = CEE1AD451EAE566200201C76 /* Main.storyboard */; };
		CEE1AD491EAE566200201C76 /* Assets.xcassets in Resources */ = {isa = PBXBuildFile; fileRef = CEE1AD481EAE566200201C76 /* Assets.xcassets */; };
		CEE1AD4C1EAE566200201C76 /* LaunchScreen.storyboard in Resources */ = {isa = PBXBuildFile; fileRef = CEE1AD4A1EAE566200201C76 /* LaunchScreen.storyboard */; };
		CEE1AD591EAE57A400201C76 /* Interface.storyboard in Resources */ = {isa = PBXBuildFile; fileRef = CEE1AD571EAE57A400201C76 /* Interface.storyboard */; };
		CEE1AD5B1EAE57A400201C76 /* Assets.xcassets in Resources */ = {isa = PBXBuildFile; fileRef = CEE1AD5A1EAE57A400201C76 /* Assets.xcassets */; };
		CEE1AD621EAE57A500201C76 /* WatchMusicPlayer Extension.appex in Embed App Extensions */ = {isa = PBXBuildFile; fileRef = CEE1AD611EAE57A400201C76 /* WatchMusicPlayer Extension.appex */; settings = {ATTRIBUTES = (RemoveHeadersOnCopy, ); }; };
		CEE1AD691EAE57A500201C76 /* InterfaceController.swift in Sources */ = {isa = PBXBuildFile; fileRef = CEE1AD681EAE57A500201C76 /* InterfaceController.swift */; };
		CEE1AD6B1EAE57A500201C76 /* ExtensionDelegate.swift in Sources */ = {isa = PBXBuildFile; fileRef = CEE1AD6A1EAE57A500201C76 /* ExtensionDelegate.swift */; };
		CEE1AD6D1EAE57A500201C76 /* NotificationController.swift in Sources */ = {isa = PBXBuildFile; fileRef = CEE1AD6C1EAE57A500201C76 /* NotificationController.swift */; };
		CEE1AD6F1EAE57A500201C76 /* Assets.xcassets in Resources */ = {isa = PBXBuildFile; fileRef = CEE1AD6E1EAE57A500201C76 /* Assets.xcassets */; };
		CEE1AD731EAE57A500201C76 /* WatchMusicPlayer.app in Embed Watch Content */ = {isa = PBXBuildFile; fileRef = CEE1AD551EAE57A400201C76 /* WatchMusicPlayer.app */; };
		CEE1AD801EAE62E300201C76 /* Banno.mp3 in Resources */ = {isa = PBXBuildFile; fileRef = CEE1AD7D1EAE62E300201C76 /* Banno.mp3 */; };
		CEE1AD811EAE62E300201C76 /* Hero.mp3 in Resources */ = {isa = PBXBuildFile; fileRef = CEE1AD7E1EAE62E300201C76 /* Hero.mp3 */; };
		CEE1AD821EAE62E300201C76 /* Veer.mp3 in Resources */ = {isa = PBXBuildFile; fileRef = CEE1AD7F1EAE62E300201C76 /* Veer.mp3 */; };
/* End PBXBuildFile section */

/* Begin PBXContainerItemProxy section */
		CEE1AD631EAE57A500201C76 /* PBXContainerItemProxy */ = {
			isa = PBXContainerItemProxy;
			containerPortal = CEE1AD361EAE566100201C76 /* Project object */;
			proxyType = 1;
			remoteGlobalIDString = CEE1AD601EAE57A400201C76;
			remoteInfo = "WatchMusicPlayer Extension";
		};
		CEE1AD711EAE57A500201C76 /* PBXContainerItemProxy */ = {
			isa = PBXContainerItemProxy;
			containerPortal = CEE1AD361EAE566100201C76 /* Project object */;
			proxyType = 1;
			remoteGlobalIDString = CEE1AD541EAE57A400201C76;
			remoteInfo = WatchMusicPlayer;
		};
/* End PBXContainerItemProxy section */

/* Begin PBXCopyFilesBuildPhase section */
		CEE1AD771EAE57A500201C76 /* Embed App Extensions */ = {
			isa = PBXCopyFilesBuildPhase;
			buildActionMask = 2147483647;
			dstPath = "";
			dstSubfolderSpec = 13;
			files = (
				CEE1AD621EAE57A500201C76 /* WatchMusicPlayer Extension.appex in Embed App Extensions */,
			);
			name = "Embed App Extensions";
			runOnlyForDeploymentPostprocessing = 0;
		};
		CEE1AD7B1EAE57A500201C76 /* Embed Watch Content */ = {
			isa = PBXCopyFilesBuildPhase;
			buildActionMask = 2147483647;
			dstPath = "$(CONTENTS_FOLDER_PATH)/Watch";
			dstSubfolderSpec = 16;
			files = (
				CEE1AD731EAE57A500201C76 /* WatchMusicPlayer.app in Embed Watch Content */,
			);
			name = "Embed Watch Content";
			runOnlyForDeploymentPostprocessing = 0;
		};
/* End PBXCopyFilesBuildPhase section */

/* Begin PBXFileReference section */
		CEE1AD3E1EAE566200201C76 /* MusicPlayer.app */ = {isa = PBXFileReference; explicitFileType = wrapper.application; includeInIndex = 0; path = MusicPlayer.app; sourceTree = BUILT_PRODUCTS_DIR; };
		CEE1AD411EAE566200201C76 /* AppDelegate.swift */ = {isa = PBXFileReference; lastKnownFileType = sourcecode.swift; path = AppDelegate.swift; sourceTree = "<group>"; };
		CEE1AD431EAE566200201C76 /* ViewController.swift */ = {isa = PBXFileReference; lastKnownFileType = sourcecode.swift; path = ViewController.swift; sourceTree = "<group>"; };
		CEE1AD461EAE566200201C76 /* Base */ = {isa = PBXFileReference; lastKnownFileType = file.storyboard; name = Base; path = Base.lproj/Main.storyboard; sourceTree = "<group>"; };
		CEE1AD481EAE566200201C76 /* Assets.xcassets */ = {isa = PBXFileReference; lastKnownFileType = folder.assetcatalog; path = Assets.xcassets; sourceTree = "<group>"; };
		CEE1AD4B1EAE566200201C76 /* Base */ = {isa = PBXFileReference; lastKnownFileType = file.storyboard; name = Base; path = Base.lproj/LaunchScreen.storyboard; sourceTree = "<group>"; };
		CEE1AD4D1EAE566200201C76 /* Info.plist */ = {isa = PBXFileReference; lastKnownFileType = text.plist.xml; path = Info.plist; sourceTree = "<group>"; };
		CEE1AD551EAE57A400201C76 /* WatchMusicPlayer.app */ = {isa = PBXFileReference; explicitFileType = wrapper.application; includeInIndex = 0; path = WatchMusicPlayer.app; sourceTree = BUILT_PRODUCTS_DIR; };
		CEE1AD581EAE57A400201C76 /* Base */ = {isa = PBXFileReference; lastKnownFileType = file.storyboard; name = Base; path = Base.lproj/Interface.storyboard; sourceTree = "<group>"; };
		CEE1AD5A1EAE57A400201C76 /* Assets.xcassets */ = {isa = PBXFileReference; lastKnownFileType = folder.assetcatalog; path = Assets.xcassets; sourceTree = "<group>"; };
		CEE1AD5C1EAE57A400201C76 /* Info.plist */ = {isa = PBXFileReference; lastKnownFileType = text.plist.xml; path = Info.plist; sourceTree = "<group>"; };
		CEE1AD611EAE57A400201C76 /* WatchMusicPlayer Extension.appex */ = {isa = PBXFileReference; explicitFileType = "wrapper.app-extension"; includeInIndex = 0; path = "WatchMusicPlayer Extension.appex"; sourceTree = BUILT_PRODUCTS_DIR; };
		CEE1AD671EAE57A500201C76 /* PushNotificationPayload.apns */ = {isa = PBXFileReference; lastKnownFileType = text; path = PushNotificationPayload.apns; sourceTree = "<group>"; };
		CEE1AD681EAE57A500201C76 /* InterfaceController.swift */ = {isa = PBXFileReference; lastKnownFileType = sourcecode.swift; path = InterfaceController.swift; sourceTree = "<group>"; };
		CEE1AD6A1EAE57A500201C76 /* ExtensionDelegate.swift */ = {isa = PBXFileReference; lastKnownFileType = sourcecode.swift; path = ExtensionDelegate.swift; sourceTree = "<group>"; };
		CEE1AD6C1EAE57A500201C76 /* NotificationController.swift */ = {isa = PBXFileReference; lastKnownFileType = sourcecode.swift; path = NotificationController.swift; sourceTree = "<group>"; };
		CEE1AD6E1EAE57A500201C76 /* Assets.xcassets */ = {isa = PBXFileReference; lastKnownFileType = folder.assetcatalog; path = Assets.xcassets; sourceTree = "<group>"; };
		CEE1AD701EAE57A500201C76 /* Info.plist */ = {isa = PBXFileReference; lastKnownFileType = text.plist.xml; path = Info.plist; sourceTree = "<group>"; };
		CEE1AD7D1EAE62E300201C76 /* Banno.mp3 */ = {isa = PBXFileReference; lastKnownFileType = audio.mp3; path = Banno.mp3; sourceTree = "<group>"; };
		CEE1AD7E1EAE62E300201C76 /* Hero.mp3 */ = {isa = PBXFileReference; lastKnownFileType = audio.mp3; path = Hero.mp3; sourceTree = "<group>"; };
		CEE1AD7F1EAE62E300201C76 /* Veer.mp3 */ = {isa = PBXFileReference; lastKnownFileType = audio.mp3; path = Veer.mp3; sourceTree = "<group>"; };
/* End PBXFileReference section */

/* Begin PBXFrameworksBuildPhase section */
		CEE1AD3B1EAE566100201C76 /* Frameworks */ = {
			isa = PBXFrameworksBuildPhase;
			buildActionMask = 2147483647;
			files = (
			);
			runOnlyForDeploymentPostprocessing = 0;
		};
		CEE1AD5E1EAE57A400201C76 /* Frameworks */ = {
			isa = PBXFrameworksBuildPhase;
			buildActionMask = 2147483647;
			files = (
			);
			runOnlyForDeploymentPostprocessing = 0;
		};
/* End PBXFrameworksBuildPhase section */

/* Begin PBXGroup section */
		CEE1AD351EAE566100201C76 = {
			isa = PBXGroup;
			children = (
				CEE1AD401EAE566200201C76 /* MusicPlayer */,
				CEE1AD561EAE57A400201C76 /* WatchMusicPlayer */,
				CEE1AD651EAE57A500201C76 /* WatchMusicPlayer Extension */,
				CEE1AD3F1EAE566200201C76 /* Products */,
			);
			sourceTree = "<group>";
		};
		CEE1AD3F1EAE566200201C76 /* Products */ = {
			isa = PBXGroup;
			children = (
				CEE1AD3E1EAE566200201C76 /* MusicPlayer.app */,
				CEE1AD551EAE57A400201C76 /* WatchMusicPlayer.app */,
				CEE1AD611EAE57A400201C76 /* WatchMusicPlayer Extension.appex */,
			);
			name = Products;
			sourceTree = "<group>";
		};
		CEE1AD401EAE566200201C76 /* MusicPlayer */ = {
			isa = PBXGroup;
			children = (
				CEE1AD7C1EAE62D000201C76 /* Resource */,
				CEE1AD411EAE566200201C76 /* AppDelegate.swift */,
				CEE1AD431EAE566200201C76 /* ViewController.swift */,
				CEE1AD451EAE566200201C76 /* Main.storyboard */,
				CEE1AD481EAE566200201C76 /* Assets.xcassets */,
				CEE1AD4A1EAE566200201C76 /* LaunchScreen.storyboard */,
				CEE1AD4D1EAE566200201C76 /* Info.plist */,
			);
			path = MusicPlayer;
			sourceTree = "<group>";
		};
		CEE1AD561EAE57A400201C76 /* WatchMusicPlayer */ = {
			isa = PBXGroup;
			children = (
				CEE1AD571EAE57A400201C76 /* Interface.storyboard */,
				CEE1AD5A1EAE57A400201C76 /* Assets.xcassets */,
				CEE1AD5C1EAE57A400201C76 /* Info.plist */,
			);
			path = WatchMusicPlayer;
			sourceTree = "<group>";
		};
		CEE1AD651EAE57A500201C76 /* WatchMusicPlayer Extension */ = {
			isa = PBXGroup;
			children = (
				CEE1AD681EAE57A500201C76 /* InterfaceController.swift */,
				CEE1AD6A1EAE57A500201C76 /* ExtensionDelegate.swift */,
				CEE1AD6C1EAE57A500201C76 /* NotificationController.swift */,
				CEE1AD6E1EAE57A500201C76 /* Assets.xcassets */,
				CEE1AD701EAE57A500201C76 /* Info.plist */,
				CEE1AD661EAE57A500201C76 /* Supporting Files */,
			);
			path = "WatchMusicPlayer Extension";
			sourceTree = "<group>";
		};
		CEE1AD661EAE57A500201C76 /* Supporting Files */ = {
			isa = PBXGroup;
			children = (
				CEE1AD671EAE57A500201C76 /* PushNotificationPayload.apns */,
			);
			name = "Supporting Files";
			sourceTree = "<group>";
		};
		CEE1AD7C1EAE62D000201C76 /* Resource */ = {
			isa = PBXGroup;
			children = (
				CEE1AD7D1EAE62E300201C76 /* Banno.mp3 */,
				CEE1AD7E1EAE62E300201C76 /* Hero.mp3 */,
				CEE1AD7F1EAE62E300201C76 /* Veer.mp3 */,
			);
			name = Resource;
			sourceTree = "<group>";
		};
/* End PBXGroup section */

/* Begin PBXNativeTarget section */
		CEE1AD3D1EAE566100201C76 /* MusicPlayer */ = {
			isa = PBXNativeTarget;
			buildConfigurationList = CEE1AD501EAE566200201C76 /* Build configuration list for PBXNativeTarget "MusicPlayer" */;
			buildPhases = (
				CEE1AD3A1EAE566100201C76 /* Sources */,
				CEE1AD3B1EAE566100201C76 /* Frameworks */,
				CEE1AD3C1EAE566100201C76 /* Resources */,
				CEE1AD7B1EAE57A500201C76 /* Embed Watch Content */,
			);
			buildRules = (
			);
			dependencies = (
				CEE1AD721EAE57A500201C76 /* PBXTargetDependency */,
			);
			name = MusicPlayer;
			productName = MusicPlayer;
			productReference = CEE1AD3E1EAE566200201C76 /* MusicPlayer.app */;
			productType = "com.apple.product-type.application";
		};
		CEE1AD541EAE57A400201C76 /* WatchMusicPlayer */ = {
			isa = PBXNativeTarget;
			buildConfigurationList = CEE1AD781EAE57A500201C76 /* Build configuration list for PBXNativeTarget "WatchMusicPlayer" */;
			buildPhases = (
				CEE1AD531EAE57A400201C76 /* Resources */,
				CEE1AD771EAE57A500201C76 /* Embed App Extensions */,
			);
			buildRules = (
			);
			dependencies = (
				CEE1AD641EAE57A500201C76 /* PBXTargetDependency */,
			);
			name = WatchMusicPlayer;
			productName = WatchMusicPlayer;
			productReference = CEE1AD551EAE57A400201C76 /* WatchMusicPlayer.app */;
			productType = "com.apple.product-type.application.watchapp2";
		};
		CEE1AD601EAE57A400201C76 /* WatchMusicPlayer Extension */ = {
			isa = PBXNativeTarget;
			buildConfigurationList = CEE1AD741EAE57A500201C76 /* Build configuration list for PBXNativeTarget "WatchMusicPlayer Extension" */;
			buildPhases = (
				CEE1AD5D1EAE57A400201C76 /* Sources */,
				CEE1AD5E1EAE57A400201C76 /* Frameworks */,
				CEE1AD5F1EAE57A400201C76 /* Resources */,
			);
			buildRules = (
			);
			dependencies = (
			);
			name = "WatchMusicPlayer Extension";
			productName = "WatchMusicPlayer Extension";
			productReference = CEE1AD611EAE57A400201C76 /* WatchMusicPlayer Extension.appex */;
			productType = "com.apple.product-type.watchkit2-extension";
		};
/* End PBXNativeTarget section */

/* Begin PBXProject section */
		CEE1AD361EAE566100201C76 /* Project object */ = {
			isa = PBXProject;
			attributes = {
				LastSwiftUpdateCheck = 0820;
				LastUpgradeCheck = 0820;
				ORGANIZATIONNAME = Bhavesh;
				TargetAttributes = {
					CEE1AD3D1EAE566100201C76 = {
						CreatedOnToolsVersion = 8.2;
						ProvisioningStyle = Automatic;
					};
					CEE1AD541EAE57A400201C76 = {
						CreatedOnToolsVersion = 8.2;
						ProvisioningStyle = Automatic;
					};
					CEE1AD601EAE57A400201C76 = {
						CreatedOnToolsVersion = 8.2;
						ProvisioningStyle = Automatic;
					};
				};
			};
			buildConfigurationList = CEE1AD391EAE566100201C76 /* Build configuration list for PBXProject "MusicPlayer" */;
			compatibilityVersion = "Xcode 3.2";
			developmentRegion = English;
			hasScannedForEncodings = 0;
			knownRegions = (
				en,
				Base,
			);
			mainGroup = CEE1AD351EAE566100201C76;
			productRefGroup = CEE1AD3F1EAE566200201C76 /* Products */;
			projectDirPath = "";
			projectRoot = "";
			targets = (
				CEE1AD3D1EAE566100201C76 /* MusicPlayer */,
				CEE1AD541EAE57A400201C76 /* WatchMusicPlayer */,
				CEE1AD601EAE57A400201C76 /* WatchMusicPlayer Extension */,
			);
		};
/* End PBXProject section */

/* Begin PBXResourcesBuildPhase section */
		CEE1AD3C1EAE566100201C76 /* Resources */ = {
			isa = PBXResourcesBuildPhase;
			buildActionMask = 2147483647;
			files = (
				CEE1AD821EAE62E300201C76 /* Veer.mp3 in Resources */,
				CEE1AD4C1EAE566200201C76 /* LaunchScreen.storyboard in Resources */,
				CEE1AD801EAE62E300201C76 /* Banno.mp3 in Resources */,
				CEE1AD811EAE62E300201C76 /* Hero.mp3 in Resources */,
				CEE1AD491EAE566200201C76 /* Assets.xcassets in Resources */,
				CEE1AD471EAE566200201C76 /* Main.storyboard in Resources */,
			);
			runOnlyForDeploymentPostprocessing = 0;
		};
		CEE1AD531EAE57A400201C76 /* Resources */ = {
			isa = PBXResourcesBuildPhase;
			buildActionMask = 2147483647;
			files = (
				CEE1AD5B1EAE57A400201C76 /* Assets.xcassets in Resources */,
				CEE1AD591EAE57A400201C76 /* Interface.storyboard in Resources */,
			);
			runOnlyForDeploymentPostprocessing = 0;
		};
		CEE1AD5F1EAE57A400201C76 /* Resources */ = {
			isa = PBXResourcesBuildPhase;
			buildActionMask = 2147483647;
			files = (
				CEE1AD6F1EAE57A500201C76 /* Assets.xcassets in Resources */,
			);
			runOnlyForDeploymentPostprocessing = 0;
		};
/* End PBXResourcesBuildPhase section */

/* Begin PBXSourcesBuildPhase section */
		CEE1AD3A1EAE566100201C76 /* Sources */ = {
			isa = PBXSourcesBuildPhase;
			buildActionMask = 2147483647;
			files = (
				CEE1AD441EAE566200201C76 /* ViewController.swift in Sources */,
				CEE1AD421EAE566200201C76 /* AppDelegate.swift in Sources */,
			);
			runOnlyForDeploymentPostprocessing = 0;
		};
		CEE1AD5D1EAE57A400201C76 /* Sources */ = {
			isa = PBXSourcesBuildPhase;
			buildActionMask = 2147483647;
			files = (
				CEE1AD6D1EAE57A500201C76 /* NotificationController.swift in Sources */,
				CEE1AD6B1EAE57A500201C76 /* ExtensionDelegate.swift in Sources */,
				CEE1AD691EAE57A500201C76 /* InterfaceController.swift in Sources */,
			);
			runOnlyForDeploymentPostprocessing = 0;
		};
/* End PBXSourcesBuildPhase section */

/* Begin PBXTargetDependency section */
		CEE1AD641EAE57A500201C76 /* PBXTargetDependency */ = {
			isa = PBXTargetDependency;
			target = CEE1AD601EAE57A400201C76 /* WatchMusicPlayer Extension */;
			targetProxy = CEE1AD631EAE57A500201C76 /* PBXContainerItemProxy */;
		};
		CEE1AD721EAE57A500201C76 /* PBXTargetDependency */ = {
			isa = PBXTargetDependency;
			target = CEE1AD541EAE57A400201C76 /* WatchMusicPlayer */;
			targetProxy = CEE1AD711EAE57A500201C76 /* PBXContainerItemProxy */;
		};
/* End PBXTargetDependency section */

/* Begin PBXVariantGroup section */
		CEE1AD451EAE566200201C76 /* Main.storyboard */ = {
			isa = PBXVariantGroup;
			children = (
				CEE1AD461EAE566200201C76 /* Base */,
			);
			name = Main.storyboard;
			sourceTree = "<group>";
		};
		CEE1AD4A1EAE566200201C76 /* LaunchScreen.storyboard */ = {
			isa = PBXVariantGroup;
			children = (
				CEE1AD4B1EAE566200201C76 /* Base */,
			);
			name = LaunchScreen.storyboard;
			sourceTree = "<group>";
		};
		CEE1AD571EAE57A400201C76 /* Interface.storyboard */ = {
			isa = PBXVariantGroup;
			children = (
				CEE1AD581EAE57A400201C76 /* Base */,
			);
			name = Interface.storyboard;
			sourceTree = "<group>";
		};
/* End PBXVariantGroup section */

/* Begin XCBuildConfiguration section */
		CEE1AD4E1EAE566200201C76 /* Debug */ = {
			isa = XCBuildConfiguration;
			buildSettings = {
				ALWAYS_SEARCH_USER_PATHS = NO;
				CLANG_ANALYZER_NONNULL = YES;
				CLANG_CXX_LANGUAGE_STANDARD = "gnu++0x";
				CLANG_CXX_LIBRARY = "libc++";
				CLANG_ENABLE_MODULES = YES;
				CLANG_ENABLE_OBJC_ARC = YES;
				CLANG_WARN_BOOL_CONVERSION = YES;
				CLANG_WARN_CONSTANT_CONVERSION = YES;
				CLANG_WARN_DIRECT_OBJC_ISA_USAGE = YES_ERROR;
				CLANG_WARN_DOCUMENTATION_COMMENTS = YES;
				CLANG_WARN_EMPTY_BODY = YES;
				CLANG_WARN_ENUM_CONVERSION = YES;
				CLANG_WARN_INFINITE_RECURSION = YES;
				CLANG_WARN_INT_CONVERSION = YES;
				CLANG_WARN_OBJC_ROOT_CLASS = YES_ERROR;
				CLANG_WARN_SUSPICIOUS_MOVE = YES;
				CLANG_WARN_UNREACHABLE_CODE = YES;
				CLANG_WARN__DUPLICATE_METHOD_MATCH = YES;
				"CODE_SIGN_IDENTITY[sdk=iphoneos*]" = "iPhone Developer";
				COPY_PHASE_STRIP = NO;
				DEBUG_INFORMATION_FORMAT = dwarf;
				ENABLE_STRICT_OBJC_MSGSEND = YES;
				ENABLE_TESTABILITY = YES;
				GCC_C_LANGUAGE_STANDARD = gnu99;
				GCC_DYNAMIC_NO_PIC = NO;
				GCC_NO_COMMON_BLOCKS = YES;
				GCC_OPTIMIZATION_LEVEL = 0;
				GCC_PREPROCESSOR_DEFINITIONS = (
					"DEBUG=1",
					"$(inherited)",
				);
				GCC_WARN_64_TO_32_BIT_CONVERSION = YES;
				GCC_WARN_ABOUT_RETURN_TYPE = YES_ERROR;
				GCC_WARN_UNDECLARED_SELECTOR = YES;
				GCC_WARN_UNINITIALIZED_AUTOS = YES_AGGRESSIVE;
				GCC_WARN_UNUSED_FUNCTION = YES;
				GCC_WARN_UNUSED_VARIABLE = YES;
				IPHONEOS_DEPLOYMENT_TARGET = 10.2;
				MTL_ENABLE_DEBUG_INFO = YES;
				ONLY_ACTIVE_ARCH = YES;
				SDKROOT = iphoneos;
				SWIFT_ACTIVE_COMPILATION_CONDITIONS = DEBUG;
				SWIFT_OPTIMIZATION_LEVEL = "-Onone";
			};
			name = Debug;
		};
		CEE1AD4F1EAE566200201C76 /* Release */ = {
			isa = XCBuildConfiguration;
			buildSettings = {
				ALWAYS_SEARCH_USER_PATHS = NO;
				CLANG_ANALYZER_NONNULL = YES;
				CLANG_CXX_LANGUAGE_STANDARD = "gnu++0x";
				CLANG_CXX_LIBRARY = "libc++";
				CLANG_ENABLE_MODULES = YES;
				CLANG_ENABLE_OBJC_ARC = YES;
				CLANG_WARN_BOOL_CONVERSION = YES;
				CLANG_WARN_CONSTANT_CONVERSION = YES;
				CLANG_WARN_DIRECT_OBJC_ISA_USAGE = YES_ERROR;
				CLANG_WARN_DOCUMENTATION_COMMENTS = YES;
				CLANG_WARN_EMPTY_BODY = YES;
				CLANG_WARN_ENUM_CONVERSION = YES;
				CLANG_WARN_INFINITE_RECURSION = YES;
				CLANG_WARN_INT_CONVERSION = YES;
				CLANG_WARN_OBJC_ROOT_CLASS = YES_ERROR;
				CLANG_WARN_SUSPICIOUS_MOVE = YES;
				CLANG_WARN_UNREACHABLE_CODE = YES;
				CLANG_WARN__DUPLICATE_METHOD_MATCH = YES;
				"CODE_SIGN_IDENTITY[sdk=iphoneos*]" = "iPhone Developer";
				COPY_PHASE_STRIP = NO;
				DEBUG_INFORMATION_FORMAT = "dwarf-with-dsym";
				ENABLE_NS_ASSERTIONS = NO;
				ENABLE_STRICT_OBJC_MSGSEND = YES;
				GCC_C_LANGUAGE_STANDARD = gnu99;
				GCC_NO_COMMON_BLOCKS = YES;
				GCC_WARN_64_TO_32_BIT_CONVERSION = YES;
				GCC_WARN_ABOUT_RETURN_TYPE = YES_ERROR;
				GCC_WARN_UNDECLARED_SELECTOR = YES;
				GCC_WARN_UNINITIALIZED_AUTOS = YES_AGGRESSIVE;
				GCC_WARN_UNUSED_FUNCTION = YES;
				GCC_WARN_UNUSED_VARIABLE = YES;
				IPHONEOS_DEPLOYMENT_TARGET = 10.2;
				MTL_ENABLE_DEBUG_INFO = NO;
				SDKROOT = iphoneos;
				SWIFT_OPTIMIZATION_LEVEL = "-Owholemodule";
				VALIDATE_PRODUCT = YES;
			};
			name = Release;
		};
		CEE1AD511EAE566200201C76 /* Debug */ = {
			isa = XCBuildConfiguration;
			buildSettings = {
				ASSETCATALOG_COMPILER_APPICON_NAME = AppIcon;
				INFOPLIST_FILE = MusicPlayer/Info.plist;
				LD_RUNPATH_SEARCH_PATHS = "$(inherited) @executable_path/Frameworks";
				PRODUCT_BUNDLE_IDENTIFIER = com.MusicPlayer;
				PRODUCT_NAME = "$(TARGET_NAME)";
				SWIFT_VERSION = 3.0;
			};
			name = Debug;
		};
		CEE1AD521EAE566200201C76 /* Release */ = {
			isa = XCBuildConfiguration;
			buildSettings = {
				ASSETCATALOG_COMPILER_APPICON_NAME = AppIcon;
				INFOPLIST_FILE = MusicPlayer/Info.plist;
				LD_RUNPATH_SEARCH_PATHS = "$(inherited) @executable_path/Frameworks";
				PRODUCT_BUNDLE_IDENTIFIER = com.MusicPlayer;
				PRODUCT_NAME = "$(TARGET_NAME)";
				SWIFT_VERSION = 3.0;
			};
			name = Release;
		};
		CEE1AD751EAE57A500201C76 /* Debug */ = {
			isa = XCBuildConfiguration;
			buildSettings = {
				ASSETCATALOG_COMPILER_COMPLICATION_NAME = Complication;
				INFOPLIST_FILE = "WatchMusicPlayer Extension/Info.plist";
				LD_RUNPATH_SEARCH_PATHS = "$(inherited) @executable_path/Frameworks @executable_path/../../Frameworks";
				PRODUCT_BUNDLE_IDENTIFIER = com.MusicPlayer.watchkitapp.watchkitextension;
				PRODUCT_NAME = "${TARGET_NAME}";
				SDKROOT = watchos;
				SKIP_INSTALL = YES;
				SWIFT_VERSION = 3.0;
				TARGETED_DEVICE_FAMILY = 4;
				WATCHOS_DEPLOYMENT_TARGET = 3.1;
			};
			name = Debug;
		};
		CEE1AD761EAE57A500201C76 /* Release */ = {
			isa = XCBuildConfiguration;
			buildSettings = {
				ASSETCATALOG_COMPILER_COMPLICATION_NAME = Complication;
				INFOPLIST_FILE = "WatchMusicPlayer Extension/Info.plist";
				LD_RUNPATH_SEARCH_PATHS = "$(inherited) @executable_path/Frameworks @executable_path/../../Frameworks";
				PRODUCT_BUNDLE_IDENTIFIER = com.MusicPlayer.watchkitapp.watchkitextension;
				PRODUCT_NAME = "${TARGET_NAME}";
				SDKROOT = watchos;
				SKIP_INSTALL = YES;
				SWIFT_VERSION = 3.0;
				TARGETED_DEVICE_FAMILY = 4;
				WATCHOS_DEPLOYMENT_TARGET = 3.1;
			};
			name = Release;
		};
		CEE1AD791EAE57A500201C76 /* Debug */ = {
			isa = XCBuildConfiguration;
			buildSettings = {
				ALWAYS_EMBED_SWIFT_STANDARD_LIBRARIES = YES;
				ASSETCATALOG_COMPILER_APPICON_NAME = AppIcon;
				IBSC_MODULE = WatchMusicPlayer_Extension;
				INFOPLIST_FILE = WatchMusicPlayer/Info.plist;
				PRODUCT_BUNDLE_IDENTIFIER = com.MusicPlayer.watchkitapp;
				PRODUCT_NAME = "$(TARGET_NAME)";
				SDKROOT = watchos;
				SKIP_INSTALL = YES;
				SWIFT_VERSION = 3.0;
				TARGETED_DEVICE_FAMILY = 4;
				WATCHOS_DEPLOYMENT_TARGET = 3.1;
			};
			name = Debug;
		};
		CEE1AD7A1EAE57A500201C76 /* Release */ = {
			isa = XCBuildConfiguration;
			buildSettings = {
				ALWAYS_EMBED_SWIFT_STANDARD_LIBRARIES = YES;
				ASSETCATALOG_COMPILER_APPICON_NAME = AppIcon;
				IBSC_MODULE = WatchMusicPlayer_Extension;
				INFOPLIST_FILE = WatchMusicPlayer/Info.plist;
				PRODUCT_BUNDLE_IDENTIFIER = com.MusicPlayer.watchkitapp;
				PRODUCT_NAME = "$(TARGET_NAME)";
				SDKROOT = watchos;
				SKIP_INSTALL = YES;
				SWIFT_VERSION = 3.0;
				TARGETED_DEVICE_FAMILY = 4;
				WATCHOS_DEPLOYMENT_TARGET = 3.1;
			};
			name = Release;
		};
/* End XCBuildConfiguration section */

/* Begin XCConfigurationList section */
		CEE1AD391EAE566100201C76 /* Build configuration list for PBXProject "MusicPlayer" */ = {
			isa = XCConfigurationList;
			buildConfigurations = (
				CEE1AD4E1EAE566200201C76 /* Debug */,
				CEE1AD4F1EAE566200201C76 /* Release */,
			);
			defaultConfigurationIsVisible = 0;
			defaultConfigurationName = Release;
		};
		CEE1AD501EAE566200201C76 /* Build configuration list for PBXNativeTarget "MusicPlayer" */ = {
			isa = XCConfigurationList;
			buildConfigurations = (
				CEE1AD511EAE566200201C76 /* Debug */,
				CEE1AD521EAE566200201C76 /* Release */,
			);
			defaultConfigurationIsVisible = 0;
		};
		CEE1AD741EAE57A500201C76 /* Build configuration list for PBXNativeTarget "WatchMusicPlayer Extension" */ = {
			isa = XCConfigurationList;
			buildConfigurations = (
				CEE1AD751EAE57A500201C76 /* Debug */,
				CEE1AD761EAE57A500201C76 /* Release */,
			);
			defaultConfigurationIsVisible = 0;
		};
		CEE1AD781EAE57A500201C76 /* Build configuration list for PBXNativeTarget "WatchMusicPlayer" */ = {
			isa = XCConfigurationList;
			buildConfigurations = (
				CEE1AD791EAE57A500201C76 /* Debug */,
				CEE1AD7A1EAE57A500201C76 /* Release */,
			);
			defaultConfigurationIsVisible = 0;
		};
/* End XCConfigurationList section */
	};
	rootObject = CEE1AD361EAE566100201C76 /* Project object */;
}
